// !$*UTF8*$!
{
	archiveVersion = 1;
	classes = {
	};
	objectVersion = 46;
	objects = {

/* Begin PBXBuildFile section */
		3C9205D31916F2770013D235 /* Foundation.framework in Frameworks */ = {isa = PBXBuildFile; fileRef = 3C9205D21916F2770013D235 /* Foundation.framework */; };
		3C9205D51916F2770013D235 /* CoreGraphics.framework in Frameworks */ = {isa = PBXBuildFile; fileRef = 3C9205D41916F2770013D235 /* CoreGraphics.framework */; };
		3C9205D71916F2770013D235 /* UIKit.framework in Frameworks */ = {isa = PBXBuildFile; fileRef = 3C9205D61916F2770013D235 /* UIKit.framework */; };
		3C9205DD1916F2770013D235 /* InfoPlist.strings in Resources */ = {isa = PBXBuildFile; fileRef = 3C9205DB1916F2770013D235 /* InfoPlist.strings */; };
		3C9205DF1916F2770013D235 /* main.m in Sources */ = {isa = PBXBuildFile; fileRef = 3C9205DE1916F2770013D235 /* main.m */; };
		3C9205E31916F2770013D235 /* ECAppDelegate.m in Sources */ = {isa = PBXBuildFile; fileRef = 3C9205E21916F2770013D235 /* ECAppDelegate.m */; };
		3C9205E61916F2770013D235 /* Main.storyboard in Resources */ = {isa = PBXBuildFile; fileRef = 3C9205E41916F2770013D235 /* Main.storyboard */; };
		3C9205E91916F2770013D235 /* ECViewController.m in Sources */ = {isa = PBXBuildFile; fileRef = 3C9205E81916F2770013D235 /* ECViewController.m */; };
		3C9205EB1916F2770013D235 /* Images.xcassets in Resources */ = {isa = PBXBuildFile; fileRef = 3C9205EA1916F2770013D235 /* Images.xcassets */; };
		3C9205F21916F2770013D235 /* XCTest.framework in Frameworks */ = {isa = PBXBuildFile; fileRef = 3C9205F11916F2770013D235 /* XCTest.framework */; };
		3C9205F31916F2770013D235 /* Foundation.framework in Frameworks */ = {isa = PBXBuildFile; fileRef = 3C9205D21916F2770013D235 /* Foundation.framework */; };
		3C9205F41916F2770013D235 /* UIKit.framework in Frameworks */ = {isa = PBXBuildFile; fileRef = 3C9205D61916F2770013D235 /* UIKit.framework */; };
		3C9205FC1916F2770013D235 /* InfoPlist.strings in Resources */ = {isa = PBXBuildFile; fileRef = 3C9205FA1916F2770013D235 /* InfoPlist.strings */; };
		3C9205FE1916F2770013D235 /* Twitter_ComparerTests.m in Sources */ = {isa = PBXBuildFile; fileRef = 3C9205FD1916F2770013D235 /* Twitter_ComparerTests.m */; };
		3C9206091916F4150013D235 /* momentsSocialManager.m in Sources */ = {isa = PBXBuildFile; fileRef = 3C9206081916F4150013D235 /* momentsSocialManager.m */; };
		3C92060B1916F42D0013D235 /* Accounts.framework in Frameworks */ = {isa = PBXBuildFile; fileRef = 3C92060A1916F42D0013D235 /* Accounts.framework */; };
		3C92060D1916F4350013D235 /* Social.framework in Frameworks */ = {isa = PBXBuildFile; fileRef = 3C92060C1916F4350013D235 /* Social.framework */; };
/* End PBXBuildFile section */

/* Begin PBXContainerItemProxy section */
		3C9205F51916F2770013D235 /* PBXContainerItemProxy */ = {
			isa = PBXContainerItemProxy;
			containerPortal = 3C9205C71916F2770013D235 /* Project object */;
			proxyType = 1;
			remoteGlobalIDString = 3C9205CE1916F2770013D235;
			remoteInfo = "Twitter Comparer";
		};
/* End PBXContainerItemProxy section */

/* Begin PBXFileReference section */
		3C9205CF1916F2770013D235 /* Twitter Comparer.app */ = {isa = PBXFileReference; explicitFileType = wrapper.application; includeInIndex = 0; path = "Twitter Comparer.app"; sourceTree = BUILT_PRODUCTS_DIR; };
		3C9205D21916F2770013D235 /* Foundation.framework */ = {isa = PBXFileReference; lastKnownFileType = wrapper.framework; name = Foundation.framework; path = System/Library/Frameworks/Foundation.framework; sourceTree = SDKROOT; };
		3C9205D41916F2770013D235 /* CoreGraphics.framework */ = {isa = PBXFileReference; lastKnownFileType = wrapper.framework; name = CoreGraphics.framework; path = System/Library/Frameworks/CoreGraphics.framework; sourceTree = SDKROOT; };
		3C9205D61916F2770013D235 /* UIKit.framework */ = {isa = PBXFileReference; lastKnownFileType = wrapper.framework; name = UIKit.framework; path = System/Library/Frameworks/UIKit.framework; sourceTree = SDKROOT; };
		3C9205DA1916F2770013D235 /* Twitter Comparer-Info.plist */ = {isa = PBXFileReference; lastKnownFileType = text.plist.xml; path = "Twitter Comparer-Info.plist"; sourceTree = "<group>"; };
		3C9205DC1916F2770013D235 /* en */ = {isa = PBXFileReference; lastKnownFileType = text.plist.strings; name = en; path = en.lproj/InfoPlist.strings; sourceTree = "<group>"; };
		3C9205DE1916F2770013D235 /* main.m */ = {isa = PBXFileReference; lastKnownFileType = sourcecode.c.objc; path = main.m; sourceTree = "<group>"; };
		3C9205E01916F2770013D235 /* Twitter Comparer-Prefix.pch */ = {isa = PBXFileReference; lastKnownFileType = sourcecode.c.h; path = "Twitter Comparer-Prefix.pch"; sourceTree = "<group>"; };
		3C9205E11916F2770013D235 /* ECAppDelegate.h */ = {isa = PBXFileReference; lastKnownFileType = sourcecode.c.h; path = ECAppDelegate.h; sourceTree = "<group>"; };
		3C9205E21916F2770013D235 /* ECAppDelegate.m */ = {isa = PBXFileReference; lastKnownFileType = sourcecode.c.objc; path = ECAppDelegate.m; sourceTree = "<group>"; };
		3C9205E51916F2770013D235 /* Base */ = {isa = PBXFileReference; lastKnownFileType = file.storyboard; name = Base; path = Base.lproj/Main.storyboard; sourceTree = "<group>"; };
		3C9205E71916F2770013D235 /* ECViewController.h */ = {isa = PBXFileReference; lastKnownFileType = sourcecode.c.h; path = ECViewController.h; sourceTree = "<group>"; };
		3C9205E81916F2770013D235 /* ECViewController.m */ = {isa = PBXFileReference; lastKnownFileType = sourcecode.c.objc; path = ECViewController.m; sourceTree = "<group>"; };
		3C9205EA1916F2770013D235 /* Images.xcassets */ = {isa = PBXFileReference; lastKnownFileType = folder.assetcatalog; path = Images.xcassets; sourceTree = "<group>"; };
		3C9205F01916F2770013D235 /* Twitter ComparerTests.xctest */ = {isa = PBXFileReference; explicitFileType = wrapper.cfbundle; includeInIndex = 0; path = "Twitter ComparerTests.xctest"; sourceTree = BUILT_PRODUCTS_DIR; };
		3C9205F11916F2770013D235 /* XCTest.framework */ = {isa = PBXFileReference; lastKnownFileType = wrapper.framework; name = XCTest.framework; path = Library/Frameworks/XCTest.framework; sourceTree = DEVELOPER_DIR; };
		3C9205F91916F2770013D235 /* Twitter ComparerTests-Info.plist */ = {isa = PBXFileReference; lastKnownFileType = text.plist.xml; path = "Twitter ComparerTests-Info.plist"; sourceTree = "<group>"; };
		3C9205FB1916F2770013D235 /* en */ = {isa = PBXFileReference; lastKnownFileType = text.plist.strings; name = en; path = en.lproj/InfoPlist.strings; sourceTree = "<group>"; };
		3C9205FD1916F2770013D235 /* Twitter_ComparerTests.m */ = {isa = PBXFileReference; lastKnownFileType = sourcecode.c.objc; path = Twitter_ComparerTests.m; sourceTree = "<group>"; };
		3C9206071916F4150013D235 /* momentsSocialManager.h */ = {isa = PBXFileReference; fileEncoding = 4; lastKnownFileType = sourcecode.c.h; path = momentsSocialManager.h; sourceTree = "<group>"; };
		3C9206081916F4150013D235 /* momentsSocialManager.m */ = {isa = PBXFileReference; fileEncoding = 4; lastKnownFileType = sourcecode.c.objc; path = momentsSocialManager.m; sourceTree = "<group>"; };
		3C92060A1916F42D0013D235 /* Accounts.framework */ = {isa = PBXFileReference; lastKnownFileType = wrapper.framework; name = Accounts.framework; path = System/Library/Frameworks/Accounts.framework; sourceTree = SDKROOT; };
		3C92060C1916F4350013D235 /* Social.framework */ = {isa = PBXFileReference; lastKnownFileType = wrapper.framework; name = Social.framework; path = System/Library/Frameworks/Social.framework; sourceTree = SDKROOT; };
/* End PBXFileReference section */

/* Begin PBXFrameworksBuildPhase section */
		3C9205CC1916F2770013D235 /* Frameworks */ = {
			isa = PBXFrameworksBuildPhase;
			buildActionMask = 2147483647;
			files = (
				3C92060D1916F4350013D235 /* Social.framework in Frameworks */,
				3C92060B1916F42D0013D235 /* Accounts.framework in Frameworks */,
				3C9205D51916F2770013D235 /* CoreGraphics.framework in Frameworks */,
				3C9205D71916F2770013D235 /* UIKit.framework in Frameworks */,
				3C9205D31916F2770013D235 /* Foundation.framework in Frameworks */,
			);
			runOnlyForDeploymentPostprocessing = 0;
		};
		3C9205ED1916F2770013D235 /* Frameworks */ = {
			isa = PBXFrameworksBuildPhase;
			buildActionMask = 2147483647;
			files = (
				3C9205F21916F2770013D235 /* XCTest.framework in Frameworks */,
				3C9205F41916F2770013D235 /* UIKit.framework in Frameworks */,
				3C9205F31916F2770013D235 /* Foundation.framework in Frameworks */,
			);
			runOnlyForDeploymentPostprocessing = 0;
		};
/* End PBXFrameworksBuildPhase section */

/* Begin PBXGroup section */
		3C9205C61916F2770013D235 = {
			isa = PBXGroup;
			children = (
				3C9205D81916F2770013D235 /* Twitter Comparer */,
				3C9205F71916F2770013D235 /* Twitter ComparerTests */,
				3C9205D11916F2770013D235 /* Frameworks */,
				3C9205D01916F2770013D235 /* Products */,
			);
			sourceTree = "<group>";
		};
		3C9205D01916F2770013D235 /* Products */ = {
			isa = PBXGroup;
			children = (
				3C9205CF1916F2770013D235 /* Twitter Comparer.app */,
				3C9205F01916F2770013D235 /* Twitter ComparerTests.xctest */,
			);
			name = Products;
			sourceTree = "<group>";
		};
		3C9205D11916F2770013D235 /* Frameworks */ = {
			isa = PBXGroup;
			children = (
				3C92060C1916F4350013D235 /* Social.framework */,
				3C92060A1916F42D0013D235 /* Accounts.framework */,
				3C9205D21916F2770013D235 /* Foundation.framework */,
				3C9205D41916F2770013D235 /* CoreGraphics.framework */,
				3C9205D61916F2770013D235 /* UIKit.framework */,
				3C9205F11916F2770013D235 /* XCTest.framework */,
			);
			name = Frameworks;
			sourceTree = "<group>";
		};
		3C9205D81916F2770013D235 /* Twitter Comparer */ = {
			isa = PBXGroup;
			children = (
				3C9206071916F4150013D235 /* momentsSocialManager.h */,
				3C9206081916F4150013D235 /* momentsSocialManager.m */,
				3C9205E11916F2770013D235 /* ECAppDelegate.h */,
				3C9205E21916F2770013D235 /* ECAppDelegate.m */,
				3C9205E41916F2770013D235 /* Main.storyboard */,
				3C9205E71916F2770013D235 /* ECViewController.h */,
				3C9205E81916F2770013D235 /* ECViewController.m */,
				3C9205EA1916F2770013D235 /* Images.xcassets */,
				3C9205D91916F2770013D235 /* Supporting Files */,
			);
			path = "Twitter Comparer";
			sourceTree = "<group>";
		};
		3C9205D91916F2770013D235 /* Supporting Files */ = {
			isa = PBXGroup;
			children = (
				3C9205DA1916F2770013D235 /* Twitter Comparer-Info.plist */,
				3C9205DB1916F2770013D235 /* InfoPlist.strings */,
				3C9205DE1916F2770013D235 /* main.m */,
				3C9205E01916F2770013D235 /* Twitter Comparer-Prefix.pch */,
			);
			name = "Supporting Files";
			sourceTree = "<group>";
		};
		3C9205F71916F2770013D235 /* Twitter ComparerTests */ = {
			isa = PBXGroup;
			children = (
				3C9205FD1916F2770013D235 /* Twitter_ComparerTests.m */,
				3C9205F81916F2770013D235 /* Supporting Files */,
			);
			path = "Twitter ComparerTests";
			sourceTree = "<group>";
		};
		3C9205F81916F2770013D235 /* Supporting Files */ = {
			isa = PBXGroup;
			children = (
				3C9205F91916F2770013D235 /* Twitter ComparerTests-Info.plist */,
				3C9205FA1916F2770013D235 /* InfoPlist.strings */,
			);
			name = "Supporting Files";
			sourceTree = "<group>";
		};
/* End PBXGroup section */

/* Begin PBXNativeTarget section */
		3C9205CE1916F2770013D235 /* Twitter Comparer */ = {
			isa = PBXNativeTarget;
			buildConfigurationList = 3C9206011916F2770013D235 /* Build configuration list for PBXNativeTarget "Twitter Comparer" */;
			buildPhases = (
				3C9205CB1916F2770013D235 /* Sources */,
				3C9205CC1916F2770013D235 /* Frameworks */,
				3C9205CD1916F2770013D235 /* Resources */,
			);
			buildRules = (
			);
			dependencies = (
			);
			name = "Twitter Comparer";
			productName = "Twitter Comparer";
			productReference = 3C9205CF1916F2770013D235 /* Twitter Comparer.app */;
			productType = "com.apple.product-type.application";
		};
		3C9205EF1916F2770013D235 /* Twitter ComparerTests */ = {
			isa = PBXNativeTarget;
			buildConfigurationList = 3C9206041916F2770013D235 /* Build configuration list for PBXNativeTarget "Twitter ComparerTests" */;
			buildPhases = (
				3C9205EC1916F2770013D235 /* Sources */,
				3C9205ED1916F2770013D235 /* Frameworks */,
				3C9205EE1916F2770013D235 /* Resources */,
			);
			buildRules = (
			);
			dependencies = (
				3C9205F61916F2770013D235 /* PBXTargetDependency */,
			);
			name = "Twitter ComparerTests";
			productName = "Twitter ComparerTests";
			productReference = 3C9205F01916F2770013D235 /* Twitter ComparerTests.xctest */;
			productType = "com.apple.product-type.bundle.unit-test";
		};
/* End PBXNativeTarget section */

/* Begin PBXProject section */
		3C9205C71916F2770013D235 /* Project object */ = {
			isa = PBXProject;
			attributes = {
				CLASSPREFIX = EC;
				LastUpgradeCheck = 0510;
				ORGANIZATIONNAME = "Elliott Coleman";
				TargetAttributes = {
					3C9205EF1916F2770013D235 = {
						TestTargetID = 3C9205CE1916F2770013D235;
					};
				};
			};
			buildConfigurationList = 3C9205CA1916F2770013D235 /* Build configuration list for PBXProject "Twitter Comparer" */;
			compatibilityVersion = "Xcode 3.2";
			developmentRegion = English;
			hasScannedForEncodings = 0;
			knownRegions = (
				en,
				Base,
			);
			mainGroup = 3C9205C61916F2770013D235;
			productRefGroup = 3C9205D01916F2770013D235 /* Products */;
			projectDirPath = "";
			projectRoot = "";
			targets = (
				3C9205CE1916F2770013D235 /* Twitter Comparer */,
				3C9205EF1916F2770013D235 /* Twitter ComparerTests */,
			);
		};
/* End PBXProject section */

/* Begin PBXResourcesBuildPhase section */
		3C9205CD1916F2770013D235 /* Resources */ = {
			isa = PBXResourcesBuildPhase;
			buildActionMask = 2147483647;
			files = (
				3C9205EB1916F2770013D235 /* Images.xcassets in Resources */,
				3C9205DD1916F2770013D235 /* InfoPlist.strings in Resources */,
				3C9205E61916F2770013D235 /* Main.storyboard in Resources */,
			);
			runOnlyForDeploymentPostprocessing = 0;
		};
		3C9205EE1916F2770013D235 /* Resources */ = {
			isa = PBXResourcesBuildPhase;
			buildActionMask = 2147483647;
			files = (
				3C9205FC1916F2770013D235 /* InfoPlist.strings in Resources */,
			);
			runOnlyForDeploymentPostprocessing = 0;
		};
/* End PBXResourcesBuildPhase section */

/* Begin PBXSourcesBuildPhase section */
		3C9205CB1916F2770013D235 /* Sources */ = {
			isa = PBXSourcesBuildPhase;
			buildActionMask = 2147483647;
			files = (
				3C9205E91916F2770013D235 /* ECViewController.m in Sources */,
				3C9205E31916F2770013D235 /* ECAppDelegate.m in Sources */,
				3C9206091916F4150013D235 /* momentsSocialManager.m in Sources */,
				3C9205DF1916F2770013D235 /* main.m in Sources */,
			);
			runOnlyForDeploymentPostprocessing = 0;
		};
		3C9205EC1916F2770013D235 /* Sources */ = {
			isa = PBXSourcesBuildPhase;
			buildActionMask = 2147483647;
			files = (
				3C9205FE1916F2770013D235 /* Twitter_ComparerTests.m in Sources */,
			);
			runOnlyForDeploymentPostprocessing = 0;
		};
/* End PBXSourcesBuildPhase section */

/* Begin PBXTargetDependency section */
		3C9205F61916F2770013D235 /* PBXTargetDependency */ = {
			isa = PBXTargetDependency;
			target = 3C9205CE1916F2770013D235 /* Twitter Comparer */;
			targetProxy = 3C9205F51916F2770013D235 /* PBXContainerItemProxy */;
		};
/* End PBXTargetDependency section */

/* Begin PBXVariantGroup section */
		3C9205DB1916F2770013D235 /* InfoPlist.strings */ = {
			isa = PBXVariantGroup;
			children = (
				3C9205DC1916F2770013D235 /* en */,
			);
			name = InfoPlist.strings;
			sourceTree = "<group>";
		};
		3C9205E41916F2770013D235 /* Main.storyboard */ = {
			isa = PBXVariantGroup;
			children = (
				3C9205E51916F2770013D235 /* Base */,
			);
			name = Main.storyboard;
			sourceTree = "<group>";
		};
		3C9205FA1916F2770013D235 /* InfoPlist.strings */ = {
			isa = PBXVariantGroup;
			children = (
				3C9205FB1916F2770013D235 /* en */,
			);
			name = InfoPlist.strings;
			sourceTree = "<group>";
		};
/* End PBXVariantGroup section */

/* Begin XCBuildConfiguration section */
		3C9205FF1916F2770013D235 /* Debug */ = {
			isa = XCBuildConfiguration;
			buildSettings = {
				ALWAYS_SEARCH_USER_PATHS = NO;
				CLANG_CXX_LANGUAGE_STANDARD = "gnu++0x";
				CLANG_CXX_LIBRARY = "libc++";
				CLANG_ENABLE_MODULES = YES;
				CLANG_ENABLE_OBJC_ARC = YES;
				CLANG_WARN_BOOL_CONVERSION = YES;
				CLANG_WARN_CONSTANT_CONVERSION = YES;
				CLANG_WARN_DIRECT_OBJC_ISA_USAGE = YES_ERROR;
				CLANG_WARN_EMPTY_BODY = YES;
				CLANG_WARN_ENUM_CONVERSION = YES;
				CLANG_WARN_INT_CONVERSION = YES;
				CLANG_WARN_OBJC_ROOT_CLASS = YES_ERROR;
				CLANG_WARN__DUPLICATE_METHOD_MATCH = YES;
				"CODE_SIGN_IDENTITY[sdk=iphoneos*]" = "iPhone Developer";
				COPY_PHASE_STRIP = NO;
				GCC_C_LANGUAGE_STANDARD = gnu99;
				GCC_DYNAMIC_NO_PIC = NO;
				GCC_OPTIMIZATION_LEVEL = 0;
				GCC_PREPROCESSOR_DEFINITIONS = (
					"DEBUG=1",
					"$(inherited)",
				);
				GCC_SYMBOLS_PRIVATE_EXTERN = NO;
				GCC_WARN_64_TO_32_BIT_CONVERSION = YES;
				GCC_WARN_ABOUT_RETURN_TYPE = YES_ERROR;
				GCC_WARN_UNDECLARED_SELECTOR = YES;
				GCC_WARN_UNINITIALIZED_AUTOS = YES_AGGRESSIVE;
				GCC_WARN_UNUSED_FUNCTION = YES;
				GCC_WARN_UNUSED_VARIABLE = YES;
				IPHONEOS_DEPLOYMENT_TARGET = 7.1;
				ONLY_ACTIVE_ARCH = YES;
				SDKROOT = iphoneos;
			};
			name = Debug;
		};
		3C9206001916F2770013D235 /* Release */ = {
			isa = XCBuildConfiguration;
			buildSettings = {
				ALWAYS_SEARCH_USER_PATHS = NO;
				CLANG_CXX_LANGUAGE_STANDARD = "gnu++0x";
				CLANG_CXX_LIBRARY = "libc++";
				CLANG_ENABLE_MODULES = YES;
				CLANG_ENABLE_OBJC_ARC = YES;
				CLANG_WARN_BOOL_CONVERSION = YES;
				CLANG_WARN_CONSTANT_CONVERSION = YES;
				CLANG_WARN_DIRECT_OBJC_ISA_USAGE = YES_ERROR;
				CLANG_WARN_EMPTY_BODY = YES;
				CLANG_WARN_ENUM_CONVERSION = YES;
				CLANG_WARN_INT_CONVERSION = YES;
				CLANG_WARN_OBJC_ROOT_CLASS = YES_ERROR;
				CLANG_WARN__DUPLICATE_METHOD_MATCH = YES;
				"CODE_SIGN_IDENTITY[sdk=iphoneos*]" = "iPhone Developer";
				COPY_PHASE_STRIP = YES;
				ENABLE_NS_ASSERTIONS = NO;
				GCC_C_LANGUAGE_STANDARD = gnu99;
				GCC_WARN_64_TO_32_BIT_CONVERSION = YES;
				GCC_WARN_ABOUT_RETURN_TYPE = YES_ERROR;
				GCC_WARN_UNDECLARED_SELECTOR = YES;
				GCC_WARN_UNINITIALIZED_AUTOS = YES_AGGRESSIVE;
				GCC_WARN_UNUSED_FUNCTION = YES;
				GCC_WARN_UNUSED_VARIABLE = YES;
				IPHONEOS_DEPLOYMENT_TARGET = 7.1;
				SDKROOT = iphoneos;
				VALIDATE_PRODUCT = YES;
			};
			name = Release;
		};
		3C9206021916F2770013D235 /* Debug */ = {
			isa = XCBuildConfiguration;
			buildSettings = {
				ASSETCATALOG_COMPILER_APPICON_NAME = AppIcon;
				ASSETCATALOG_COMPILER_LAUNCHIMAGE_NAME = LaunchImage;
				GCC_PRECOMPILE_PREFIX_HEADER = YES;
				GCC_PREFIX_HEADER = "Twitter Comparer/Twitter Comparer-Prefix.pch";
				INFOPLIST_FILE = "Twitter Comparer/Twitter Comparer-Info.plist";
				PRODUCT_NAME = "$(TARGET_NAME)";
				WRAPPER_EXTENSION = app;
			};
			name = Debug;
		};
		3C9206031916F2770013D235 /* Release */ = {
			isa = XCBuildConfiguration;
			buildSettings = {
				ASSETCATALOG_COMPILER_APPICON_NAME = AppIcon;
				ASSETCATALOG_COMPILER_LAUNCHIMAGE_NAME = LaunchImage;
				GCC_PRECOMPILE_PREFIX_HEADER = YES;
				GCC_PREFIX_HEADER = "Twitter Comparer/Twitter Comparer-Prefix.pch";
				INFOPLIST_FILE = "Twitter Comparer/Twitter Comparer-Info.plist";
				PRODUCT_NAME = "$(TARGET_NAME)";
				WRAPPER_EXTENSION = app;
			};
			name = Release;
		};
		3C9206051916F2770013D235 /* Debug */ = {
			isa = XCBuildConfiguration;
			buildSettings = {
				BUNDLE_LOADER = "$(BUILT_PRODUCTS_DIR)/Twitter Comparer.app/Twitter Comparer";
				FRAMEWORK_SEARCH_PATHS = (
					"$(SDKROOT)/Developer/Library/Frameworks",
					"$(inherited)",
					"$(DEVELOPER_FRAMEWORKS_DIR)",
				);
				GCC_PRECOMPILE_PREFIX_HEADER = YES;
				GCC_PREFIX_HEADER = "Twitter Comparer/Twitter Comparer-Prefix.pch";
				GCC_PREPROCESSOR_DEFINITIONS = (
					"DEBUG=1",
					"$(inherited)",
				);
				INFOPLIST_FILE = "Twitter ComparerTests/Twitter ComparerTests-Info.plist";
				PRODUCT_NAME = "$(TARGET_NAME)";
				TEST_HOST = "$(BUNDLE_LOADER)";
				WRAPPER_EXTENSION = xctest;
			};
			name = Debug;
		};
		3C9206061916F2770013D235 /* Release */ = {
			isa = XCBuildConfiguration;
			buildSettings = {
				BUNDLE_LOADER = "$(BUILT_PRODUCTS_DIR)/Twitter Comparer.app/Twitter Comparer";
				FRAMEWORK_SEARCH_PATHS = (
					"$(SDKROOT)/Developer/Library/Frameworks",
					"$(inherited)",
					"$(DEVELOPER_FRAMEWORKS_DIR)",
				);
				GCC_PRECOMPILE_PREFIX_HEADER = YES;
				GCC_PREFIX_HEADER = "Twitter Comparer/Twitter Comparer-Prefix.pch";
				INFOPLIST_FILE = "Twitter ComparerTests/Twitter ComparerTests-Info.plist";
				PRODUCT_NAME = "$(TARGET_NAME)";
				TEST_HOST = "$(BUNDLE_LOADER)";
				WRAPPER_EXTENSION = xctest;
			};
			name = Release;
		};
/* End XCBuildConfiguration section */

/* Begin XCConfigurationList section */
		3C9205CA1916F2770013D235 /* Build configuration list for PBXProject "Twitter Comparer" */ = {
			isa = XCConfigurationList;
			buildConfigurations = (
				3C9205FF1916F2770013D235 /* Debug */,
				3C9206001916F2770013D235 /* Release */,
			);
			defaultConfigurationIsVisible = 0;
			defaultConfigurationName = Release;
		};
		3C9206011916F2770013D235 /* Build configuration list for PBXNativeTarget "Twitter Comparer" */ = {
			isa = XCConfigurationList;
			buildConfigurations = (
				3C9206021916F2770013D235 /* Debug */,
				3C9206031916F2770013D235 /* Release */,
			);
			defaultConfigurationIsVisible = 0;
		};
		3C9206041916F2770013D235 /* Build configuration list for PBXNativeTarget "Twitter ComparerTests" */ = {
			isa = XCConfigurationList;
			buildConfigurations = (
				3C9206051916F2770013D235 /* Debug */,
				3C9206061916F2770013D235 /* Release */,
			);
			defaultConfigurationIsVisible = 0;
		};
/* End XCConfigurationList section */
	};
	rootObject = 3C9205C71916F2770013D235 /* Project object */;
}
